{
  "originHash" : "befacd06d5e152ab88048b74ef90a3c907289dea77ba8346805fef04c7580742",
  "pins" : [
    {
      "identity" : "attributedtexteditor",
      "kind" : "remoteSourceControl",
      "location" : "https://github.com/fraander/AttributedTextEditor.git",
      "state" : {
        "branch" : "main",
        "revision" : "01df0b28a6fcea1ec35eb38f704ced239dc79309"
      }
    },
    {
      "identity" : "cloudkitsyncmonitor",
      "kind" : "remoteSourceControl",
      "location" : "https://github.com/ggruen/CloudKitSyncMonitor",
      "state" : {
        "revision" : "a421ba7b38fa2e37bb78fc1425db491ca5e93c9a",
        "version" : "3.1.0"
      }
    }
  ],
  "version" : 3
}
