{
  "originHash" : "cc0f6badc7734497614e225a97481525a386b6d3807ed9eea67875a750018e66",
  "pins" : [
    {
      "identity" : "highlightedtexteditor",
      "kind" : "remoteSourceControl",
      "location" : "https://github.com/kyle-n/HighlightedTextEditor",
      "state" : {
        "revision" : "759d7b4bd2c10d0bbe93bc62d68572a3702049e3",
        "version" : "2.1.2"
      }
    }
  ],
  "version" : 3
}
