// !$*UTF8*$!
{
	archiveVersion = 1;
	classes = {
	};
	objectVersion = 56;
	objects = {

/* Begin PBXBuildFile section */
		BD2B7B282BDF287200CCE052 /* AddBar.swift in Sources */ = {isa = PBXBuildFile; fileRef = BD2B7B272BDF287200CCE052 /* AddBar.swift */; };
		BD319FF02971EF3200F9E2B9 /* TristyApp.swift in Sources */ = {isa = PBXBuildFile; fileRef = BD319FDD2971EF3100F9E2B9 /* TristyApp.swift */; };
		BD319FF12971EF3200F9E2B9 /* GroceryListView.swift in Sources */ = {isa = PBXBuildFile; fileRef = BD319FDE2971EF3100F9E2B9 /* GroceryListView.swift */; };
		BD319FF32971EF3200F9E2B9 /* GroceryView.swift in Sources */ = {isa = PBXBuildFile; fileRef = BD319FE02971EF3100F9E2B9 /* GroceryView.swift */; };
		BD319FF52971EF3200F9E2B9 /* ContentView.swift in Sources */ = {isa = PBXBuildFile; fileRef = BD319FE22971EF3100F9E2B9 /* ContentView.swift */; };
		BD319FF82971EF3200F9E2B9 /* Grocery.swift in Sources */ = {isa = PBXBuildFile; fileRef = BD319FE72971EF3200F9E2B9 /* Grocery.swift */; };
		BD319FF92971EF3200F9E2B9 /* Color+backgroundColors.swift in Sources */ = {isa = PBXBuildFile; fileRef = BD319FE92971EF3200F9E2B9 /* Color+backgroundColors.swift */; };
		BD76D67D2BF3F7040041FDDE /* ContextMenuTip.swift in Sources */ = {isa = PBXBuildFile; fileRef = BD76D67C2BF3F7040041FDDE /* ContextMenuTip.swift */; };
		BD76D67F2BF3FF730041FDDE /* AddBarPasteTip.swift in Sources */ = {isa = PBXBuildFile; fileRef = BD76D67E2BF3FF730041FDDE /* AddBarPasteTip.swift */; };
		BD78F1E22BE08C7000AE62F6 /* ListPicker.swift in Sources */ = {isa = PBXBuildFile; fileRef = BD78F1E12BE08C7000AE62F6 /* ListPicker.swift */; };
		BD87909C2BED33C800CFDBD5 /* FocusOption.swift in Sources */ = {isa = PBXBuildFile; fileRef = BD87909B2BED33C800CFDBD5 /* FocusOption.swift */; };
		BD87909E2BED443B00CFDBD5 /* Priority.swift in Sources */ = {isa = PBXBuildFile; fileRef = BD87909D2BED443B00CFDBD5 /* Priority.swift */; };
		BDD508732BEA80E8006F8AB5 /* AppIcon.swift in Sources */ = {isa = PBXBuildFile; fileRef = BDD508722BEA80E8006F8AB5 /* AppIcon.swift */; };
		BDD508782BEA850C006F8AB5 /* ChangeAppIconView.swift in Sources */ = {isa = PBXBuildFile; fileRef = BDD508772BEA850C006F8AB5 /* ChangeAppIconView.swift */; };
		BDDBD4D728F2591100B42693 /* Assets.xcassets in Resources */ = {isa = PBXBuildFile; fileRef = BDDBD4D628F2591100B42693 /* Assets.xcassets */; };
		BDE56A672BEB0143009D2AE0 /* ChangeAppIconViewModel.swift in Sources */ = {isa = PBXBuildFile; fileRef = BDE56A662BEB0143009D2AE0 /* ChangeAppIconViewModel.swift */; };
		BDFE3FD52BE048B7008F21AF /* AddBarQuery.swift in Sources */ = {isa = PBXBuildFile; fileRef = BDFE3FD42BE048B7008F21AF /* AddBarQuery.swift */; };
		BDFE3FD72BE06594008F21AF /* PrimaryView.swift in Sources */ = {isa = PBXBuildFile; fileRef = BDFE3FD62BE06594008F21AF /* PrimaryView.swift */; };
		BDFE3FD92BE067AB008F21AF /* GroceryList.swift in Sources */ = {isa = PBXBuildFile; fileRef = BDFE3FD82BE067AB008F21AF /* GroceryList.swift */; };
/* End PBXBuildFile section */

/* Begin PBXFileReference section */
		BD2B7B272BDF287200CCE052 /* AddBar.swift */ = {isa = PBXFileReference; lastKnownFileType = sourcecode.swift; path = AddBar.swift; sourceTree = "<group>"; };
		BD319FDD2971EF3100F9E2B9 /* TristyApp.swift */ = {isa = PBXFileReference; fileEncoding = 4; lastKnownFileType = sourcecode.swift; path = TristyApp.swift; sourceTree = "<group>"; };
		BD319FDE2971EF3100F9E2B9 /* GroceryListView.swift */ = {isa = PBXFileReference; fileEncoding = 4; lastKnownFileType = sourcecode.swift; path = GroceryListView.swift; sourceTree = "<group>"; };
		BD319FE02971EF3100F9E2B9 /* GroceryView.swift */ = {isa = PBXFileReference; fileEncoding = 4; lastKnownFileType = sourcecode.swift; path = GroceryView.swift; sourceTree = "<group>"; };
		BD319FE22971EF3100F9E2B9 /* ContentView.swift */ = {isa = PBXFileReference; fileEncoding = 4; lastKnownFileType = sourcecode.swift; path = ContentView.swift; sourceTree = "<group>"; };
		BD319FE72971EF3200F9E2B9 /* Grocery.swift */ = {isa = PBXFileReference; fileEncoding = 4; lastKnownFileType = sourcecode.swift; path = Grocery.swift; sourceTree = "<group>"; };
		BD319FE92971EF3200F9E2B9 /* Color+backgroundColors.swift */ = {isa = PBXFileReference; fileEncoding = 4; lastKnownFileType = sourcecode.swift; path = "Color+backgroundColors.swift"; sourceTree = "<group>"; };
		BD76D67C2BF3F7040041FDDE /* ContextMenuTip.swift */ = {isa = PBXFileReference; lastKnownFileType = sourcecode.swift; path = ContextMenuTip.swift; sourceTree = "<group>"; };
		BD76D67E2BF3FF730041FDDE /* AddBarPasteTip.swift */ = {isa = PBXFileReference; lastKnownFileType = sourcecode.swift; path = AddBarPasteTip.swift; sourceTree = "<group>"; };
		BD78F1E12BE08C7000AE62F6 /* ListPicker.swift */ = {isa = PBXFileReference; lastKnownFileType = sourcecode.swift; path = ListPicker.swift; sourceTree = "<group>"; };
		BD867A1D2BBB24A8006B2B12 /* TODO.md */ = {isa = PBXFileReference; lastKnownFileType = net.daringfireball.markdown; path = TODO.md; sourceTree = "<group>"; };
		BD87909B2BED33C800CFDBD5 /* FocusOption.swift */ = {isa = PBXFileReference; lastKnownFileType = sourcecode.swift; path = FocusOption.swift; sourceTree = "<group>"; };
		BD87909D2BED443B00CFDBD5 /* Priority.swift */ = {isa = PBXFileReference; lastKnownFileType = sourcecode.swift; path = Priority.swift; sourceTree = "<group>"; };
		BDD508722BEA80E8006F8AB5 /* AppIcon.swift */ = {isa = PBXFileReference; lastKnownFileType = sourcecode.swift; path = AppIcon.swift; sourceTree = "<group>"; };
		BDD508772BEA850C006F8AB5 /* ChangeAppIconView.swift */ = {isa = PBXFileReference; lastKnownFileType = sourcecode.swift; path = ChangeAppIconView.swift; sourceTree = "<group>"; };
		BDDBD4CF28F2591000B42693 /* Tristy.app */ = {isa = PBXFileReference; explicitFileType = wrapper.application; includeInIndex = 0; path = Tristy.app; sourceTree = BUILT_PRODUCTS_DIR; };
		BDDBD4D628F2591100B42693 /* Assets.xcassets */ = {isa = PBXFileReference; lastKnownFileType = folder.assetcatalog; path = Assets.xcassets; sourceTree = "<group>"; };
		BDE56A662BEB0143009D2AE0 /* ChangeAppIconViewModel.swift */ = {isa = PBXFileReference; fileEncoding = 4; lastKnownFileType = sourcecode.swift; path = ChangeAppIconViewModel.swift; sourceTree = "<group>"; };
		BDE56A682BEB01B5009D2AE0 /* Tristy.entitlements */ = {isa = PBXFileReference; lastKnownFileType = text.plist.entitlements; path = Tristy.entitlements; sourceTree = "<group>"; };
		BDE56A692BEB01E1009D2AE0 /* Info.plist */ = {isa = PBXFileReference; lastKnownFileType = text.plist; path = Info.plist; sourceTree = "<group>"; };
		BDFE3FD42BE048B7008F21AF /* AddBarQuery.swift */ = {isa = PBXFileReference; lastKnownFileType = sourcecode.swift; path = AddBarQuery.swift; sourceTree = "<group>"; };
		BDFE3FD62BE06594008F21AF /* PrimaryView.swift */ = {isa = PBXFileReference; lastKnownFileType = sourcecode.swift; path = PrimaryView.swift; sourceTree = "<group>"; };
		BDFE3FD82BE067AB008F21AF /* GroceryList.swift */ = {isa = PBXFileReference; lastKnownFileType = sourcecode.swift; path = GroceryList.swift; sourceTree = "<group>"; };
/* End PBXFileReference section */

/* Begin PBXFrameworksBuildPhase section */
		BDDBD4CC28F2591000B42693 /* Frameworks */ = {
			isa = PBXFrameworksBuildPhase;
			buildActionMask = 2147483647;
			files = (
			);
			runOnlyForDeploymentPostprocessing = 0;
		};
/* End PBXFrameworksBuildPhase section */

/* Begin PBXGroup section */
		BD319FDC2971EF3100F9E2B9 /* Views */ = {
			isa = PBXGroup;
			children = (
				BD2B7B272BDF287200CCE052 /* AddBar.swift */,
				BDFE3FD42BE048B7008F21AF /* AddBarQuery.swift */,
				BD319FDE2971EF3100F9E2B9 /* GroceryListView.swift */,
				BDFE3FD62BE06594008F21AF /* PrimaryView.swift */,
				BD319FE02971EF3100F9E2B9 /* GroceryView.swift */,
				BD319FE22971EF3100F9E2B9 /* ContentView.swift */,
				BD78F1E12BE08C7000AE62F6 /* ListPicker.swift */,
				BDD508772BEA850C006F8AB5 /* ChangeAppIconView.swift */,
			);
			path = Views;
			sourceTree = "<group>";
		};
		BD319FE52971EF3200F9E2B9 /* Models */ = {
			isa = PBXGroup;
			children = (
				BD319FE72971EF3200F9E2B9 /* Grocery.swift */,
				BDFE3FD82BE067AB008F21AF /* GroceryList.swift */,
				BD76D67C2BF3F7040041FDDE /* ContextMenuTip.swift */,
				BD76D67E2BF3FF730041FDDE /* AddBarPasteTip.swift */,
				BD87909D2BED443B00CFDBD5 /* Priority.swift */,
				BDD508722BEA80E8006F8AB5 /* AppIcon.swift */,
				BD87909B2BED33C800CFDBD5 /* FocusOption.swift */,
			);
			path = Models;
			sourceTree = "<group>";
		};
		BD319FE82971EF3200F9E2B9 /* Extensions */ = {
			isa = PBXGroup;
			children = (
				BD319FE92971EF3200F9E2B9 /* Color+backgroundColors.swift */,
			);
			path = Extensions;
			sourceTree = "<group>";
		};
		BDDBD4C628F2591000B42693 = {
			isa = PBXGroup;
			children = (
				BDDBD4D128F2591000B42693 /* Tristy */,
				BDDBD4D028F2591000B42693 /* Products */,
			);
			sourceTree = "<group>";
		};
		BDDBD4D028F2591000B42693 /* Products */ = {
			isa = PBXGroup;
			children = (
				BDDBD4CF28F2591000B42693 /* Tristy.app */,
			);
			name = Products;
			sourceTree = "<group>";
		};
		BDDBD4D128F2591000B42693 /* Tristy */ = {
			isa = PBXGroup;
			children = (
				BDE56A692BEB01E1009D2AE0 /* Info.plist */,
				BDE56A682BEB01B5009D2AE0 /* Tristy.entitlements */,
				BD867A1D2BBB24A8006B2B12 /* TODO.md */,
				BD319FDD2971EF3100F9E2B9 /* TristyApp.swift */,
				BDDBD4D628F2591100B42693 /* Assets.xcassets */,
				BD319FE82971EF3200F9E2B9 /* Extensions */,
				BD319FE52971EF3200F9E2B9 /* Models */,
				BD319FDC2971EF3100F9E2B9 /* Views */,
				BDE56A652BEB0129009D2AE0 /* ViewModels */,
			);
			path = Tristy;
			sourceTree = "<group>";
		};
		BDE56A652BEB0129009D2AE0 /* ViewModels */ = {
			isa = PBXGroup;
			children = (
				BDE56A662BEB0143009D2AE0 /* ChangeAppIconViewModel.swift */,
			);
			path = ViewModels;
			sourceTree = "<group>";
		};
/* End PBXGroup section */

/* Begin PBXNativeTarget section */
		BDDBD4CE28F2591000B42693 /* Tristy */ = {
			isa = PBXNativeTarget;
			buildConfigurationList = BDDBD4DE28F2591100B42693 /* Build configuration list for PBXNativeTarget "Tristy" */;
			buildPhases = (
				BDDBD4CB28F2591000B42693 /* Sources */,
				BDDBD4CC28F2591000B42693 /* Frameworks */,
				BDDBD4CD28F2591000B42693 /* Resources */,
			);
			buildRules = (
			);
			dependencies = (
			);
			name = Tristy;
			packageProductDependencies = (
			);
			productName = Tristy;
			productReference = BDDBD4CF28F2591000B42693 /* Tristy.app */;
			productType = "com.apple.product-type.application";
		};
/* End PBXNativeTarget section */

/* Begin PBXProject section */
		BDDBD4C728F2591000B42693 /* Project object */ = {
			isa = PBXProject;
			attributes = {
				BuildIndependentTargetsInParallel = 1;
				LastSwiftUpdateCheck = 1400;
				LastUpgradeCheck = 1500;
				TargetAttributes = {
					BDDBD4CE28F2591000B42693 = {
						CreatedOnToolsVersion = 14.0;
					};
				};
			};
			buildConfigurationList = BDDBD4CA28F2591000B42693 /* Build configuration list for PBXProject "Tristy" */;
			compatibilityVersion = "Xcode 14.0";
			developmentRegion = en;
			hasScannedForEncodings = 0;
			knownRegions = (
				en,
				Base,
			);
			mainGroup = BDDBD4C628F2591000B42693;
			packageReferences = (
			);
			productRefGroup = BDDBD4D028F2591000B42693 /* Products */;
			projectDirPath = "";
			projectRoot = "";
			targets = (
				BDDBD4CE28F2591000B42693 /* Tristy */,
			);
		};
/* End PBXProject section */

/* Begin PBXResourcesBuildPhase section */
		BDDBD4CD28F2591000B42693 /* Resources */ = {
			isa = PBXResourcesBuildPhase;
			buildActionMask = 2147483647;
			files = (
				BDDBD4D728F2591100B42693 /* Assets.xcassets in Resources */,
			);
			runOnlyForDeploymentPostprocessing = 0;
		};
/* End PBXResourcesBuildPhase section */

/* Begin PBXSourcesBuildPhase section */
		BDDBD4CB28F2591000B42693 /* Sources */ = {
			isa = PBXSourcesBuildPhase;
			buildActionMask = 2147483647;
			files = (
				BDE56A672BEB0143009D2AE0 /* ChangeAppIconViewModel.swift in Sources */,
				BD76D67F2BF3FF730041FDDE /* AddBarPasteTip.swift in Sources */,
				BD319FF82971EF3200F9E2B9 /* Grocery.swift in Sources */,
				BD76D67D2BF3F7040041FDDE /* ContextMenuTip.swift in Sources */,
				BD87909C2BED33C800CFDBD5 /* FocusOption.swift in Sources */,
				BD319FF12971EF3200F9E2B9 /* GroceryListView.swift in Sources */,
				BD319FF02971EF3200F9E2B9 /* TristyApp.swift in Sources */,
				BDFE3FD52BE048B7008F21AF /* AddBarQuery.swift in Sources */,
				BD319FF52971EF3200F9E2B9 /* ContentView.swift in Sources */,
				BDFE3FD92BE067AB008F21AF /* GroceryList.swift in Sources */,
				BD2B7B282BDF287200CCE052 /* AddBar.swift in Sources */,
				BD78F1E22BE08C7000AE62F6 /* ListPicker.swift in Sources */,
				BD319FF32971EF3200F9E2B9 /* GroceryView.swift in Sources */,
				BD87909E2BED443B00CFDBD5 /* Priority.swift in Sources */,
				BD319FF92971EF3200F9E2B9 /* Color+backgroundColors.swift in Sources */,
				BDD508782BEA850C006F8AB5 /* ChangeAppIconView.swift in Sources */,
				BDD508732BEA80E8006F8AB5 /* AppIcon.swift in Sources */,
				BDFE3FD72BE06594008F21AF /* PrimaryView.swift in Sources */,
			);
			runOnlyForDeploymentPostprocessing = 0;
		};
/* End PBXSourcesBuildPhase section */

/* Begin XCBuildConfiguration section */
		BDDBD4DC28F2591100B42693 /* Debug */ = {
			isa = XCBuildConfiguration;
			buildSettings = {
				ALWAYS_SEARCH_USER_PATHS = NO;
				ASSETCATALOG_COMPILER_ALTERNATE_APPICON_NAMES = "Check CheckOutlined CartWhite CartWhiteGlow BreadWhite BreadWhiteGlow";
				ASSETCATALOG_COMPILER_GENERATE_SWIFT_ASSET_SYMBOL_EXTENSIONS = YES;
				CLANG_ANALYZER_NONNULL = YES;
				CLANG_ANALYZER_NUMBER_OBJECT_CONVERSION = YES_AGGRESSIVE;
				CLANG_CXX_LANGUAGE_STANDARD = "gnu++20";
				CLANG_ENABLE_MODULES = YES;
				CLANG_ENABLE_OBJC_ARC = YES;
				CLANG_ENABLE_OBJC_WEAK = YES;
				CLANG_WARN_BLOCK_CAPTURE_AUTORELEASING = YES;
				CLANG_WARN_BOOL_CONVERSION = YES;
				CLANG_WARN_COMMA = YES;
				CLANG_WARN_CONSTANT_CONVERSION = YES;
				CLANG_WARN_DEPRECATED_OBJC_IMPLEMENTATIONS = YES;
				CLANG_WARN_DIRECT_OBJC_ISA_USAGE = YES_ERROR;
				CLANG_WARN_DOCUMENTATION_COMMENTS = YES;
				CLANG_WARN_EMPTY_BODY = YES;
				CLANG_WARN_ENUM_CONVERSION = YES;
				CLANG_WARN_INFINITE_RECURSION = YES;
				CLANG_WARN_INT_CONVERSION = YES;
				CLANG_WARN_NON_LITERAL_NULL_CONVERSION = YES;
				CLANG_WARN_OBJC_IMPLICIT_RETAIN_SELF = YES;
				CLANG_WARN_OBJC_LITERAL_CONVERSION = YES;
				CLANG_WARN_OBJC_ROOT_CLASS = YES_ERROR;
				CLANG_WARN_QUOTED_INCLUDE_IN_FRAMEWORK_HEADER = YES;
				CLANG_WARN_RANGE_LOOP_ANALYSIS = YES;
				CLANG_WARN_STRICT_PROTOTYPES = YES;
				CLANG_WARN_SUSPICIOUS_MOVE = YES;
				CLANG_WARN_UNGUARDED_AVAILABILITY = YES_AGGRESSIVE;
				CLANG_WARN_UNREACHABLE_CODE = YES;
				CLANG_WARN__DUPLICATE_METHOD_MATCH = YES;
				COPY_PHASE_STRIP = NO;
				DEAD_CODE_STRIPPING = YES;
				DEBUG_INFORMATION_FORMAT = dwarf;
				ENABLE_STRICT_OBJC_MSGSEND = YES;
				ENABLE_TESTABILITY = YES;
				ENABLE_USER_SCRIPT_SANDBOXING = YES;
				GCC_C_LANGUAGE_STANDARD = gnu11;
				GCC_DYNAMIC_NO_PIC = NO;
				GCC_NO_COMMON_BLOCKS = YES;
				GCC_OPTIMIZATION_LEVEL = 0;
				GCC_PREPROCESSOR_DEFINITIONS = (
					"DEBUG=1",
					"$(inherited)",
				);
				GCC_WARN_64_TO_32_BIT_CONVERSION = YES;
				GCC_WARN_ABOUT_RETURN_TYPE = YES_ERROR;
				GCC_WARN_UNDECLARED_SELECTOR = YES;
				GCC_WARN_UNINITIALIZED_AUTOS = YES_AGGRESSIVE;
				GCC_WARN_UNUSED_FUNCTION = YES;
				GCC_WARN_UNUSED_VARIABLE = YES;
				IPHONEOS_DEPLOYMENT_TARGET = 17.0;
				MACOSX_DEPLOYMENT_TARGET = 14.0;
				MTL_ENABLE_DEBUG_INFO = INCLUDE_SOURCE;
				MTL_FAST_MATH = YES;
				ONLY_ACTIVE_ARCH = YES;
				SWIFT_ACTIVE_COMPILATION_CONDITIONS = DEBUG;
				SWIFT_OPTIMIZATION_LEVEL = "-Onone";
			};
			name = Debug;
		};
		BDDBD4DD28F2591100B42693 /* Release */ = {
			isa = XCBuildConfiguration;
			buildSettings = {
				ALWAYS_SEARCH_USER_PATHS = NO;
				ASSETCATALOG_COMPILER_ALTERNATE_APPICON_NAMES = "Check CheckOutlined CartWhite CartWhiteGlow BreadWhite BreadWhiteGlow";
				ASSETCATALOG_COMPILER_GENERATE_SWIFT_ASSET_SYMBOL_EXTENSIONS = YES;
				CLANG_ANALYZER_NONNULL = YES;
				CLANG_ANALYZER_NUMBER_OBJECT_CONVERSION = YES_AGGRESSIVE;
				CLANG_CXX_LANGUAGE_STANDARD = "gnu++20";
				CLANG_ENABLE_MODULES = YES;
				CLANG_ENABLE_OBJC_ARC = YES;
				CLANG_ENABLE_OBJC_WEAK = YES;
				CLANG_WARN_BLOCK_CAPTURE_AUTORELEASING = YES;
				CLANG_WARN_BOOL_CONVERSION = YES;
				CLANG_WARN_COMMA = YES;
				CLANG_WARN_CONSTANT_CONVERSION = YES;
				CLANG_WARN_DEPRECATED_OBJC_IMPLEMENTATIONS = YES;
				CLANG_WARN_DIRECT_OBJC_ISA_USAGE = YES_ERROR;
				CLANG_WARN_DOCUMENTATION_COMMENTS = YES;
				CLANG_WARN_EMPTY_BODY = YES;
				CLANG_WARN_ENUM_CONVERSION = YES;
				CLANG_WARN_INFINITE_RECURSION = YES;
				CLANG_WARN_INT_CONVERSION = YES;
				CLANG_WARN_NON_LITERAL_NULL_CONVERSION = YES;
				CLANG_WARN_OBJC_IMPLICIT_RETAIN_SELF = YES;
				CLANG_WARN_OBJC_LITERAL_CONVERSION = YES;
				CLANG_WARN_OBJC_ROOT_CLASS = YES_ERROR;
				CLANG_WARN_QUOTED_INCLUDE_IN_FRAMEWORK_HEADER = YES;
				CLANG_WARN_RANGE_LOOP_ANALYSIS = YES;
				CLANG_WARN_STRICT_PROTOTYPES = YES;
				CLANG_WARN_SUSPICIOUS_MOVE = YES;
				CLANG_WARN_UNGUARDED_AVAILABILITY = YES_AGGRESSIVE;
				CLANG_WARN_UNREACHABLE_CODE = YES;
				CLANG_WARN__DUPLICATE_METHOD_MATCH = YES;
				COPY_PHASE_STRIP = NO;
				DEAD_CODE_STRIPPING = YES;
				DEBUG_INFORMATION_FORMAT = "dwarf-with-dsym";
				ENABLE_NS_ASSERTIONS = NO;
				ENABLE_STRICT_OBJC_MSGSEND = YES;
				ENABLE_USER_SCRIPT_SANDBOXING = YES;
				GCC_C_LANGUAGE_STANDARD = gnu11;
				GCC_NO_COMMON_BLOCKS = YES;
				GCC_WARN_64_TO_32_BIT_CONVERSION = YES;
				GCC_WARN_ABOUT_RETURN_TYPE = YES_ERROR;
				GCC_WARN_UNDECLARED_SELECTOR = YES;
				GCC_WARN_UNINITIALIZED_AUTOS = YES_AGGRESSIVE;
				GCC_WARN_UNUSED_FUNCTION = YES;
				GCC_WARN_UNUSED_VARIABLE = YES;
				IPHONEOS_DEPLOYMENT_TARGET = 17.0;
				MACOSX_DEPLOYMENT_TARGET = 14.0;
				MTL_ENABLE_DEBUG_INFO = NO;
				MTL_FAST_MATH = YES;
				SWIFT_COMPILATION_MODE = wholemodule;
				SWIFT_OPTIMIZATION_LEVEL = "-O";
			};
			name = Release;
		};
		BDDBD4DF28F2591100B42693 /* Debug */ = {
			isa = XCBuildConfiguration;
			buildSettings = {
				ASSETCATALOG_COMPILER_ALTERNATE_APPICON_NAMES = "Check CheckOutlined CartWhite BreadWhite";
				ASSETCATALOG_COMPILER_APPICON_NAME = AppIcon;
				ASSETCATALOG_COMPILER_GLOBAL_ACCENT_COLOR_NAME = AccentColor;
				ASSETCATALOG_COMPILER_INCLUDE_ALL_APPICON_ASSETS = YES;
				CODE_SIGN_ENTITLEMENTS = Tristy/Tristy.entitlements;
				CODE_SIGN_STYLE = Automatic;
				CURRENT_PROJECT_VERSION = 1;
				DEAD_CODE_STRIPPING = YES;
				DEVELOPMENT_TEAM = 6ZT823VK2T;
				ENABLE_HARDENED_RUNTIME = YES;
				ENABLE_PREVIEWS = YES;
				GENERATE_INFOPLIST_FILE = YES;
				INFOPLIST_FILE = Tristy/Info.plist;
				INFOPLIST_KEY_LSApplicationCategoryType = "public.app-category.productivity";
				"INFOPLIST_KEY_UIApplicationSceneManifest_Generation[sdk=iphoneos*]" = YES;
				"INFOPLIST_KEY_UIApplicationSceneManifest_Generation[sdk=iphonesimulator*]" = YES;
				"INFOPLIST_KEY_UIApplicationSupportsIndirectInputEvents[sdk=iphoneos*]" = YES;
				"INFOPLIST_KEY_UIApplicationSupportsIndirectInputEvents[sdk=iphonesimulator*]" = YES;
				"INFOPLIST_KEY_UILaunchScreen_Generation[sdk=iphoneos*]" = YES;
				"INFOPLIST_KEY_UILaunchScreen_Generation[sdk=iphonesimulator*]" = YES;
				"INFOPLIST_KEY_UIStatusBarStyle[sdk=iphoneos*]" = UIStatusBarStyleDefault;
				"INFOPLIST_KEY_UIStatusBarStyle[sdk=iphonesimulator*]" = UIStatusBarStyleDefault;
				INFOPLIST_KEY_UISupportedInterfaceOrientations = UIInterfaceOrientationPortrait;
				INFOPLIST_KEY_UISupportedInterfaceOrientations_iPad = "UIInterfaceOrientationLandscapeLeft UIInterfaceOrientationLandscapeRight UIInterfaceOrientationPortrait UIInterfaceOrientationPortraitUpsideDown";
				IPHONEOS_DEPLOYMENT_TARGET = 17;
				LD_RUNPATH_SEARCH_PATHS = "@executable_path/Frameworks";
				"LD_RUNPATH_SEARCH_PATHS[sdk=macosx*]" = "@executable_path/../Frameworks";
				MACOSX_DEPLOYMENT_TARGET = 14.0;
				MARKETING_VERSION = 1.0;
				PRODUCT_BUNDLE_IDENTIFIER = com.frank.TristyApp;
				PRODUCT_NAME = "$(TARGET_NAME)";
				SDKROOT = auto;
				SUPPORTED_PLATFORMS = "iphoneos iphonesimulator macosx";
				SUPPORTS_MACCATALYST = NO;
				SWIFT_EMIT_LOC_STRINGS = YES;
				SWIFT_VERSION = 5.0;
				TARGETED_DEVICE_FAMILY = 1;
			};
			name = Debug;
		};
		BDDBD4E028F2591100B42693 /* Release */ = {
			isa = XCBuildConfiguration;
			buildSettings = {
				ASSETCATALOG_COMPILER_ALTERNATE_APPICON_NAMES = "Check CheckOutlined CartWhite BreadWhite";
				ASSETCATALOG_COMPILER_APPICON_NAME = AppIcon;
				ASSETCATALOG_COMPILER_GLOBAL_ACCENT_COLOR_NAME = AccentColor;
				ASSETCATALOG_COMPILER_INCLUDE_ALL_APPICON_ASSETS = YES;
				CODE_SIGN_ENTITLEMENTS = Tristy/Tristy.entitlements;
				CODE_SIGN_STYLE = Automatic;
				CURRENT_PROJECT_VERSION = 1;
				DEAD_CODE_STRIPPING = YES;
				DEVELOPMENT_TEAM = 6ZT823VK2T;
				ENABLE_HARDENED_RUNTIME = YES;
				ENABLE_PREVIEWS = YES;
				GENERATE_INFOPLIST_FILE = YES;
				INFOPLIST_FILE = Tristy/Info.plist;
				INFOPLIST_KEY_LSApplicationCategoryType = "public.app-category.productivity";
				"INFOPLIST_KEY_UIApplicationSceneManifest_Generation[sdk=iphoneos*]" = YES;
				"INFOPLIST_KEY_UIApplicationSceneManifest_Generation[sdk=iphonesimulator*]" = YES;
				"INFOPLIST_KEY_UIApplicationSupportsIndirectInputEvents[sdk=iphoneos*]" = YES;
				"INFOPLIST_KEY_UIApplicationSupportsIndirectInputEvents[sdk=iphonesimulator*]" = YES;
				"INFOPLIST_KEY_UILaunchScreen_Generation[sdk=iphoneos*]" = YES;
				"INFOPLIST_KEY_UILaunchScreen_Generation[sdk=iphonesimulator*]" = YES;
				"INFOPLIST_KEY_UIStatusBarStyle[sdk=iphoneos*]" = UIStatusBarStyleDefault;
				"INFOPLIST_KEY_UIStatusBarStyle[sdk=iphonesimulator*]" = UIStatusBarStyleDefault;
				INFOPLIST_KEY_UISupportedInterfaceOrientations = UIInterfaceOrientationPortrait;
				INFOPLIST_KEY_UISupportedInterfaceOrientations_iPad = "UIInterfaceOrientationLandscapeLeft UIInterfaceOrientationLandscapeRight UIInterfaceOrientationPortrait UIInterfaceOrientationPortraitUpsideDown";
				IPHONEOS_DEPLOYMENT_TARGET = 17;
				LD_RUNPATH_SEARCH_PATHS = "@executable_path/Frameworks";
				"LD_RUNPATH_SEARCH_PATHS[sdk=macosx*]" = "@executable_path/../Frameworks";
				MACOSX_DEPLOYMENT_TARGET = 14.0;
				MARKETING_VERSION = 1.0;
				PRODUCT_BUNDLE_IDENTIFIER = com.frank.TristyApp;
				PRODUCT_NAME = "$(TARGET_NAME)";
				SDKROOT = auto;
				SUPPORTED_PLATFORMS = "iphoneos iphonesimulator macosx";
				SUPPORTS_MACCATALYST = NO;
				SWIFT_EMIT_LOC_STRINGS = YES;
				SWIFT_VERSION = 5.0;
				TARGETED_DEVICE_FAMILY = 1;
			};
			name = Release;
		};
/* End XCBuildConfiguration section */

/* Begin XCConfigurationList section */
		BDDBD4CA28F2591000B42693 /* Build configuration list for PBXProject "Tristy" */ = {
			isa = XCConfigurationList;
			buildConfigurations = (
				BDDBD4DC28F2591100B42693 /* Debug */,
				BDDBD4DD28F2591100B42693 /* Release */,
			);
			defaultConfigurationIsVisible = 0;
			defaultConfigurationName = Release;
		};
		BDDBD4DE28F2591100B42693 /* Build configuration list for PBXNativeTarget "Tristy" */ = {
			isa = XCConfigurationList;
			buildConfigurations = (
				BDDBD4DF28F2591100B42693 /* Debug */,
				BDDBD4E028F2591100B42693 /* Release */,
			);
			defaultConfigurationIsVisible = 0;
			defaultConfigurationName = Release;
		};
/* End XCConfigurationList section */
	};
	rootObject = BDDBD4C728F2591000B42693 /* Project object */;
}
