// !$*UTF8*$!
{
	archiveVersion = 1;
	classes = {
	};
	objectVersion = 55;
	objects = {

/* Begin PBXBuildFile section */
		BDAC2C552831A1570042DE67 /* TristyApp.swift in Sources */ = {isa = PBXBuildFile; fileRef = BDAC2C452831A1570042DE67 /* TristyApp.swift */; };
		BDAC2C562831A1570042DE67 /* TristyApp.swift in Sources */ = {isa = PBXBuildFile; fileRef = BDAC2C452831A1570042DE67 /* TristyApp.swift */; };
		BDAC2C592831A1570042DE67 /* Assets.xcassets in Resources */ = {isa = PBXBuildFile; fileRef = BDAC2C472831A1570042DE67 /* Assets.xcassets */; };
		BDAC2C5A2831A1570042DE67 /* Assets.xcassets in Resources */ = {isa = PBXBuildFile; fileRef = BDAC2C472831A1570042DE67 /* Assets.xcassets */; };
		BDAC2C6E2831A26C0042DE67 /* ViewModel.swift in Sources */ = {isa = PBXBuildFile; fileRef = BDAC2C662831A26C0042DE67 /* ViewModel.swift */; };
		BDAC2C6F2831A26C0042DE67 /* ViewModel.swift in Sources */ = {isa = PBXBuildFile; fileRef = BDAC2C662831A26C0042DE67 /* ViewModel.swift */; };
		BDAC2C702831A26C0042DE67 /* SelectSomethingView.swift in Sources */ = {isa = PBXBuildFile; fileRef = BDAC2C672831A26C0042DE67 /* SelectSomethingView.swift */; };
		BDAC2C712831A26C0042DE67 /* SelectSomethingView.swift in Sources */ = {isa = PBXBuildFile; fileRef = BDAC2C672831A26C0042DE67 /* SelectSomethingView.swift */; };
		BDAC2C722831A26C0042DE67 /* FileManager-DocumentsDirectory.swift in Sources */ = {isa = PBXBuildFile; fileRef = BDAC2C682831A26C0042DE67 /* FileManager-DocumentsDirectory.swift */; };
		BDAC2C732831A26C0042DE67 /* FileManager-DocumentsDirectory.swift in Sources */ = {isa = PBXBuildFile; fileRef = BDAC2C682831A26C0042DE67 /* FileManager-DocumentsDirectory.swift */; };
		BDAC2C742831A26C0042DE67 /* TristyListDetailView.swift in Sources */ = {isa = PBXBuildFile; fileRef = BDAC2C692831A26C0042DE67 /* TristyListDetailView.swift */; };
		BDAC2C752831A26C0042DE67 /* TristyListDetailView.swift in Sources */ = {isa = PBXBuildFile; fileRef = BDAC2C692831A26C0042DE67 /* TristyListDetailView.swift */; };
		BDAC2C762831A26C0042DE67 /* ContentView.swift in Sources */ = {isa = PBXBuildFile; fileRef = BDAC2C6A2831A26C0042DE67 /* ContentView.swift */; };
		BDAC2C772831A26C0042DE67 /* ContentView.swift in Sources */ = {isa = PBXBuildFile; fileRef = BDAC2C6A2831A26C0042DE67 /* ContentView.swift */; };
		BDAC2C782831A26C0042DE67 /* TristyList.swift in Sources */ = {isa = PBXBuildFile; fileRef = BDAC2C6B2831A26C0042DE67 /* TristyList.swift */; };
		BDAC2C792831A26C0042DE67 /* TristyList.swift in Sources */ = {isa = PBXBuildFile; fileRef = BDAC2C6B2831A26C0042DE67 /* TristyList.swift */; };
		BDAC2C7C2831A26C0042DE67 /* TristyListRow.swift in Sources */ = {isa = PBXBuildFile; fileRef = BDAC2C6D2831A26C0042DE67 /* TristyListRow.swift */; };
		BDAC2C7D2831A26C0042DE67 /* TristyListRow.swift in Sources */ = {isa = PBXBuildFile; fileRef = BDAC2C6D2831A26C0042DE67 /* TristyListRow.swift */; };
		BDAC2C7F2831A4EF0042DE67 /* TristyListItem.swift in Sources */ = {isa = PBXBuildFile; fileRef = BDAC2C7E2831A4EF0042DE67 /* TristyListItem.swift */; };
		BDAC2C802831A4EF0042DE67 /* TristyListItem.swift in Sources */ = {isa = PBXBuildFile; fileRef = BDAC2C7E2831A4EF0042DE67 /* TristyListItem.swift */; };
/* End PBXBuildFile section */

/* Begin PBXFileReference section */
		BDAC2C452831A1570042DE67 /* TristyApp.swift */ = {isa = PBXFileReference; lastKnownFileType = sourcecode.swift; path = TristyApp.swift; sourceTree = "<group>"; };
		BDAC2C472831A1570042DE67 /* Assets.xcassets */ = {isa = PBXFileReference; lastKnownFileType = folder.assetcatalog; path = Assets.xcassets; sourceTree = "<group>"; };
		BDAC2C4C2831A1570042DE67 /* Tristy.app */ = {isa = PBXFileReference; explicitFileType = wrapper.application; includeInIndex = 0; path = Tristy.app; sourceTree = BUILT_PRODUCTS_DIR; };
		BDAC2C522831A1570042DE67 /* Tristy.app */ = {isa = PBXFileReference; explicitFileType = wrapper.application; includeInIndex = 0; path = Tristy.app; sourceTree = BUILT_PRODUCTS_DIR; };
		BDAC2C542831A1570042DE67 /* macOS.entitlements */ = {isa = PBXFileReference; lastKnownFileType = text.plist.entitlements; path = macOS.entitlements; sourceTree = "<group>"; };
		BDAC2C662831A26C0042DE67 /* ViewModel.swift */ = {isa = PBXFileReference; fileEncoding = 4; lastKnownFileType = sourcecode.swift; name = ViewModel.swift; path = "../../../../Downloads/simple-swiftui-main/SimpleToDo/SimpleToDo/ViewModel.swift"; sourceTree = "<group>"; };
		BDAC2C672831A26C0042DE67 /* SelectSomethingView.swift */ = {isa = PBXFileReference; fileEncoding = 4; lastKnownFileType = sourcecode.swift; path = SelectSomethingView.swift; sourceTree = "<group>"; };
		BDAC2C682831A26C0042DE67 /* FileManager-DocumentsDirectory.swift */ = {isa = PBXFileReference; fileEncoding = 4; lastKnownFileType = sourcecode.swift; path = "FileManager-DocumentsDirectory.swift"; sourceTree = "<group>"; };
		BDAC2C692831A26C0042DE67 /* TristyListDetailView.swift */ = {isa = PBXFileReference; fileEncoding = 4; lastKnownFileType = sourcecode.swift; path = TristyListDetailView.swift; sourceTree = "<group>"; };
		BDAC2C6A2831A26C0042DE67 /* ContentView.swift */ = {isa = PBXFileReference; fileEncoding = 4; lastKnownFileType = sourcecode.swift; name = ContentView.swift; path = "../../../../Downloads/simple-swiftui-main/SimpleToDo/SimpleToDo/ContentView.swift"; sourceTree = "<group>"; };
		BDAC2C6B2831A26C0042DE67 /* TristyList.swift */ = {isa = PBXFileReference; fileEncoding = 4; lastKnownFileType = sourcecode.swift; path = TristyList.swift; sourceTree = "<group>"; };
		BDAC2C6D2831A26C0042DE67 /* TristyListRow.swift */ = {isa = PBXFileReference; fileEncoding = 4; lastKnownFileType = sourcecode.swift; path = TristyListRow.swift; sourceTree = "<group>"; };
		BDAC2C7E2831A4EF0042DE67 /* TristyListItem.swift */ = {isa = PBXFileReference; lastKnownFileType = sourcecode.swift; path = TristyListItem.swift; sourceTree = "<group>"; };
/* End PBXFileReference section */

/* Begin PBXFrameworksBuildPhase section */
		BDAC2C492831A1570042DE67 /* Frameworks */ = {
			isa = PBXFrameworksBuildPhase;
			buildActionMask = 2147483647;
			files = (
			);
			runOnlyForDeploymentPostprocessing = 0;
		};
		BDAC2C4F2831A1570042DE67 /* Frameworks */ = {
			isa = PBXFrameworksBuildPhase;
			buildActionMask = 2147483647;
			files = (
			);
			runOnlyForDeploymentPostprocessing = 0;
		};
/* End PBXFrameworksBuildPhase section */

/* Begin PBXGroup section */
		BDAC2C3F2831A1570042DE67 = {
			isa = PBXGroup;
			children = (
				BDAC2C442831A1570042DE67 /* Shared */,
				BDAC2C532831A1570042DE67 /* macOS */,
				BDAC2C4D2831A1570042DE67 /* Products */,
			);
			sourceTree = "<group>";
		};
		BDAC2C442831A1570042DE67 /* Shared */ = {
			isa = PBXGroup;
			children = (
				BDAC2C472831A1570042DE67 /* Assets.xcassets */,
				BDAC2C6A2831A26C0042DE67 /* ContentView.swift */,
				BDAC2C682831A26C0042DE67 /* FileManager-DocumentsDirectory.swift */,
				BDAC2C672831A26C0042DE67 /* SelectSomethingView.swift */,
				BDAC2C452831A1570042DE67 /* TristyApp.swift */,
				BDAC2C6B2831A26C0042DE67 /* TristyList.swift */,
				BDAC2C692831A26C0042DE67 /* TristyListDetailView.swift */,
				BDAC2C7E2831A4EF0042DE67 /* TristyListItem.swift */,
				BDAC2C6D2831A26C0042DE67 /* TristyListRow.swift */,
				BDAC2C662831A26C0042DE67 /* ViewModel.swift */,
			);
			path = Shared;
			sourceTree = "<group>";
		};
		BDAC2C4D2831A1570042DE67 /* Products */ = {
			isa = PBXGroup;
			children = (
				BDAC2C4C2831A1570042DE67 /* Tristy.app */,
				BDAC2C522831A1570042DE67 /* Tristy.app */,
			);
			name = Products;
			sourceTree = "<group>";
		};
		BDAC2C532831A1570042DE67 /* macOS */ = {
			isa = PBXGroup;
			children = (
				BDAC2C542831A1570042DE67 /* macOS.entitlements */,
			);
			path = macOS;
			sourceTree = "<group>";
		};
/* End PBXGroup section */

/* Begin PBXNativeTarget section */
		BDAC2C4B2831A1570042DE67 /* Tristy (iOS) */ = {
			isa = PBXNativeTarget;
			buildConfigurationList = BDAC2C5D2831A1570042DE67 /* Build configuration list for PBXNativeTarget "Tristy (iOS)" */;
			buildPhases = (
				BDAC2C482831A1570042DE67 /* Sources */,
				BDAC2C492831A1570042DE67 /* Frameworks */,
				BDAC2C4A2831A1570042DE67 /* Resources */,
			);
			buildRules = (
			);
			dependencies = (
			);
			name = "Tristy (iOS)";
			productName = "Tristy (iOS)";
			productReference = BDAC2C4C2831A1570042DE67 /* Tristy.app */;
			productType = "com.apple.product-type.application";
		};
		BDAC2C512831A1570042DE67 /* Tristy (macOS) */ = {
			isa = PBXNativeTarget;
			buildConfigurationList = BDAC2C602831A1570042DE67 /* Build configuration list for PBXNativeTarget "Tristy (macOS)" */;
			buildPhases = (
				BDAC2C4E2831A1570042DE67 /* Sources */,
				BDAC2C4F2831A1570042DE67 /* Frameworks */,
				BDAC2C502831A1570042DE67 /* Resources */,
			);
			buildRules = (
			);
			dependencies = (
			);
			name = "Tristy (macOS)";
			productName = "Tristy (macOS)";
			productReference = BDAC2C522831A1570042DE67 /* Tristy.app */;
			productType = "com.apple.product-type.application";
		};
/* End PBXNativeTarget section */

/* Begin PBXProject section */
		BDAC2C402831A1570042DE67 /* Project object */ = {
			isa = PBXProject;
			attributes = {
				BuildIndependentTargetsInParallel = 1;
				LastSwiftUpdateCheck = 1320;
				LastUpgradeCheck = 1320;
				TargetAttributes = {
					BDAC2C4B2831A1570042DE67 = {
						CreatedOnToolsVersion = 13.2.1;
					};
					BDAC2C512831A1570042DE67 = {
						CreatedOnToolsVersion = 13.2.1;
					};
				};
			};
			buildConfigurationList = BDAC2C432831A1570042DE67 /* Build configuration list for PBXProject "Tristy" */;
			compatibilityVersion = "Xcode 13.0";
			developmentRegion = en;
			hasScannedForEncodings = 0;
			knownRegions = (
				en,
				Base,
			);
			mainGroup = BDAC2C3F2831A1570042DE67;
			productRefGroup = BDAC2C4D2831A1570042DE67 /* Products */;
			projectDirPath = "";
			projectRoot = "";
			targets = (
				BDAC2C4B2831A1570042DE67 /* Tristy (iOS) */,
				BDAC2C512831A1570042DE67 /* Tristy (macOS) */,
			);
		};
/* End PBXProject section */

/* Begin PBXResourcesBuildPhase section */
		BDAC2C4A2831A1570042DE67 /* Resources */ = {
			isa = PBXResourcesBuildPhase;
			buildActionMask = 2147483647;
			files = (
				BDAC2C592831A1570042DE67 /* Assets.xcassets in Resources */,
			);
			runOnlyForDeploymentPostprocessing = 0;
		};
		BDAC2C502831A1570042DE67 /* Resources */ = {
			isa = PBXResourcesBuildPhase;
			buildActionMask = 2147483647;
			files = (
				BDAC2C5A2831A1570042DE67 /* Assets.xcassets in Resources */,
			);
			runOnlyForDeploymentPostprocessing = 0;
		};
/* End PBXResourcesBuildPhase section */

/* Begin PBXSourcesBuildPhase section */
		BDAC2C482831A1570042DE67 /* Sources */ = {
			isa = PBXSourcesBuildPhase;
			buildActionMask = 2147483647;
			files = (
				BDAC2C722831A26C0042DE67 /* FileManager-DocumentsDirectory.swift in Sources */,
				BDAC2C782831A26C0042DE67 /* TristyList.swift in Sources */,
				BDAC2C7F2831A4EF0042DE67 /* TristyListItem.swift in Sources */,
				BDAC2C762831A26C0042DE67 /* ContentView.swift in Sources */,
				BDAC2C702831A26C0042DE67 /* SelectSomethingView.swift in Sources */,
				BDAC2C742831A26C0042DE67 /* TristyListDetailView.swift in Sources */,
				BDAC2C7C2831A26C0042DE67 /* TristyListRow.swift in Sources */,
				BDAC2C6E2831A26C0042DE67 /* ViewModel.swift in Sources */,
				BDAC2C552831A1570042DE67 /* TristyApp.swift in Sources */,
			);
			runOnlyForDeploymentPostprocessing = 0;
		};
		BDAC2C4E2831A1570042DE67 /* Sources */ = {
			isa = PBXSourcesBuildPhase;
			buildActionMask = 2147483647;
			files = (
				BDAC2C732831A26C0042DE67 /* FileManager-DocumentsDirectory.swift in Sources */,
				BDAC2C792831A26C0042DE67 /* TristyList.swift in Sources */,
				BDAC2C802831A4EF0042DE67 /* TristyListItem.swift in Sources */,
				BDAC2C772831A26C0042DE67 /* ContentView.swift in Sources */,
				BDAC2C712831A26C0042DE67 /* SelectSomethingView.swift in Sources */,
				BDAC2C752831A26C0042DE67 /* TristyListDetailView.swift in Sources */,
				BDAC2C7D2831A26C0042DE67 /* TristyListRow.swift in Sources */,
				BDAC2C6F2831A26C0042DE67 /* ViewModel.swift in Sources */,
				BDAC2C562831A1570042DE67 /* TristyApp.swift in Sources */,
			);
			runOnlyForDeploymentPostprocessing = 0;
		};
/* End PBXSourcesBuildPhase section */

/* Begin XCBuildConfiguration section */
		BDAC2C5B2831A1570042DE67 /* Debug */ = {
			isa = XCBuildConfiguration;
			buildSettings = {
				ALWAYS_SEARCH_USER_PATHS = NO;
				CLANG_ANALYZER_NONNULL = YES;
				CLANG_ANALYZER_NUMBER_OBJECT_CONVERSION = YES_AGGRESSIVE;
				CLANG_CXX_LANGUAGE_STANDARD = "gnu++17";
				CLANG_CXX_LIBRARY = "libc++";
				CLANG_ENABLE_MODULES = YES;
				CLANG_ENABLE_OBJC_ARC = YES;
				CLANG_ENABLE_OBJC_WEAK = YES;
				CLANG_WARN_BLOCK_CAPTURE_AUTORELEASING = YES;
				CLANG_WARN_BOOL_CONVERSION = YES;
				CLANG_WARN_COMMA = YES;
				CLANG_WARN_CONSTANT_CONVERSION = YES;
				CLANG_WARN_DEPRECATED_OBJC_IMPLEMENTATIONS = YES;
				CLANG_WARN_DIRECT_OBJC_ISA_USAGE = YES_ERROR;
				CLANG_WARN_DOCUMENTATION_COMMENTS = YES;
				CLANG_WARN_EMPTY_BODY = YES;
				CLANG_WARN_ENUM_CONVERSION = YES;
				CLANG_WARN_INFINITE_RECURSION = YES;
				CLANG_WARN_INT_CONVERSION = YES;
				CLANG_WARN_NON_LITERAL_NULL_CONVERSION = YES;
				CLANG_WARN_OBJC_IMPLICIT_RETAIN_SELF = YES;
				CLANG_WARN_OBJC_LITERAL_CONVERSION = YES;
				CLANG_WARN_OBJC_ROOT_CLASS = YES_ERROR;
				CLANG_WARN_QUOTED_INCLUDE_IN_FRAMEWORK_HEADER = YES;
				CLANG_WARN_RANGE_LOOP_ANALYSIS = YES;
				CLANG_WARN_STRICT_PROTOTYPES = YES;
				CLANG_WARN_SUSPICIOUS_MOVE = YES;
				CLANG_WARN_UNGUARDED_AVAILABILITY = YES_AGGRESSIVE;
				CLANG_WARN_UNREACHABLE_CODE = YES;
				CLANG_WARN__DUPLICATE_METHOD_MATCH = YES;
				COPY_PHASE_STRIP = NO;
				DEBUG_INFORMATION_FORMAT = dwarf;
				ENABLE_STRICT_OBJC_MSGSEND = YES;
				ENABLE_TESTABILITY = YES;
				GCC_C_LANGUAGE_STANDARD = gnu11;
				GCC_DYNAMIC_NO_PIC = NO;
				GCC_NO_COMMON_BLOCKS = YES;
				GCC_OPTIMIZATION_LEVEL = 0;
				GCC_PREPROCESSOR_DEFINITIONS = (
					"DEBUG=1",
					"$(inherited)",
				);
				GCC_WARN_64_TO_32_BIT_CONVERSION = YES;
				GCC_WARN_ABOUT_RETURN_TYPE = YES_ERROR;
				GCC_WARN_UNDECLARED_SELECTOR = YES;
				GCC_WARN_UNINITIALIZED_AUTOS = YES_AGGRESSIVE;
				GCC_WARN_UNUSED_FUNCTION = YES;
				GCC_WARN_UNUSED_VARIABLE = YES;
				MTL_ENABLE_DEBUG_INFO = INCLUDE_SOURCE;
				MTL_FAST_MATH = YES;
				ONLY_ACTIVE_ARCH = YES;
				SWIFT_ACTIVE_COMPILATION_CONDITIONS = DEBUG;
				SWIFT_OPTIMIZATION_LEVEL = "-Onone";
			};
			name = Debug;
		};
		BDAC2C5C2831A1570042DE67 /* Release */ = {
			isa = XCBuildConfiguration;
			buildSettings = {
				ALWAYS_SEARCH_USER_PATHS = NO;
				CLANG_ANALYZER_NONNULL = YES;
				CLANG_ANALYZER_NUMBER_OBJECT_CONVERSION = YES_AGGRESSIVE;
				CLANG_CXX_LANGUAGE_STANDARD = "gnu++17";
				CLANG_CXX_LIBRARY = "libc++";
				CLANG_ENABLE_MODULES = YES;
				CLANG_ENABLE_OBJC_ARC = YES;
				CLANG_ENABLE_OBJC_WEAK = YES;
				CLANG_WARN_BLOCK_CAPTURE_AUTORELEASING = YES;
				CLANG_WARN_BOOL_CONVERSION = YES;
				CLANG_WARN_COMMA = YES;
				CLANG_WARN_CONSTANT_CONVERSION = YES;
				CLANG_WARN_DEPRECATED_OBJC_IMPLEMENTATIONS = YES;
				CLANG_WARN_DIRECT_OBJC_ISA_USAGE = YES_ERROR;
				CLANG_WARN_DOCUMENTATION_COMMENTS = YES;
				CLANG_WARN_EMPTY_BODY = YES;
				CLANG_WARN_ENUM_CONVERSION = YES;
				CLANG_WARN_INFINITE_RECURSION = YES;
				CLANG_WARN_INT_CONVERSION = YES;
				CLANG_WARN_NON_LITERAL_NULL_CONVERSION = YES;
				CLANG_WARN_OBJC_IMPLICIT_RETAIN_SELF = YES;
				CLANG_WARN_OBJC_LITERAL_CONVERSION = YES;
				CLANG_WARN_OBJC_ROOT_CLASS = YES_ERROR;
				CLANG_WARN_QUOTED_INCLUDE_IN_FRAMEWORK_HEADER = YES;
				CLANG_WARN_RANGE_LOOP_ANALYSIS = YES;
				CLANG_WARN_STRICT_PROTOTYPES = YES;
				CLANG_WARN_SUSPICIOUS_MOVE = YES;
				CLANG_WARN_UNGUARDED_AVAILABILITY = YES_AGGRESSIVE;
				CLANG_WARN_UNREACHABLE_CODE = YES;
				CLANG_WARN__DUPLICATE_METHOD_MATCH = YES;
				COPY_PHASE_STRIP = NO;
				DEBUG_INFORMATION_FORMAT = "dwarf-with-dsym";
				ENABLE_NS_ASSERTIONS = NO;
				ENABLE_STRICT_OBJC_MSGSEND = YES;
				GCC_C_LANGUAGE_STANDARD = gnu11;
				GCC_NO_COMMON_BLOCKS = YES;
				GCC_WARN_64_TO_32_BIT_CONVERSION = YES;
				GCC_WARN_ABOUT_RETURN_TYPE = YES_ERROR;
				GCC_WARN_UNDECLARED_SELECTOR = YES;
				GCC_WARN_UNINITIALIZED_AUTOS = YES_AGGRESSIVE;
				GCC_WARN_UNUSED_FUNCTION = YES;
				GCC_WARN_UNUSED_VARIABLE = YES;
				MTL_ENABLE_DEBUG_INFO = NO;
				MTL_FAST_MATH = YES;
				SWIFT_COMPILATION_MODE = wholemodule;
				SWIFT_OPTIMIZATION_LEVEL = "-O";
			};
			name = Release;
		};
		BDAC2C5E2831A1570042DE67 /* Debug */ = {
			isa = XCBuildConfiguration;
			buildSettings = {
				ASSETCATALOG_COMPILER_APPICON_NAME = AppIcon;
				ASSETCATALOG_COMPILER_GLOBAL_ACCENT_COLOR_NAME = AccentColor;
				CODE_SIGN_STYLE = Automatic;
				CURRENT_PROJECT_VERSION = 1;
				DEVELOPMENT_TEAM = 6ZT823VK2T;
				ENABLE_PREVIEWS = YES;
				GENERATE_INFOPLIST_FILE = YES;
				INFOPLIST_KEY_UIApplicationSceneManifest_Generation = YES;
				INFOPLIST_KEY_UIApplicationSupportsIndirectInputEvents = YES;
				INFOPLIST_KEY_UILaunchScreen_Generation = YES;
				INFOPLIST_KEY_UISupportedInterfaceOrientations_iPad = "UIInterfaceOrientationPortrait UIInterfaceOrientationPortraitUpsideDown UIInterfaceOrientationLandscapeLeft UIInterfaceOrientationLandscapeRight";
				INFOPLIST_KEY_UISupportedInterfaceOrientations_iPhone = "UIInterfaceOrientationPortrait UIInterfaceOrientationLandscapeLeft UIInterfaceOrientationLandscapeRight";
				IPHONEOS_DEPLOYMENT_TARGET = 15.2;
				LD_RUNPATH_SEARCH_PATHS = (
					"$(inherited)",
					"@executable_path/Frameworks",
				);
				MARKETING_VERSION = 1.0;
				PRODUCT_BUNDLE_IDENTIFIER = frank.Tristy;
				PRODUCT_NAME = Tristy;
				SDKROOT = iphoneos;
				SWIFT_EMIT_LOC_STRINGS = YES;
				SWIFT_VERSION = 5.0;
				TARGETED_DEVICE_FAMILY = "1,2";
			};
			name = Debug;
		};
		BDAC2C5F2831A1570042DE67 /* Release */ = {
			isa = XCBuildConfiguration;
			buildSettings = {
				ASSETCATALOG_COMPILER_APPICON_NAME = AppIcon;
				ASSETCATALOG_COMPILER_GLOBAL_ACCENT_COLOR_NAME = AccentColor;
				CODE_SIGN_STYLE = Automatic;
				CURRENT_PROJECT_VERSION = 1;
				DEVELOPMENT_TEAM = 6ZT823VK2T;
				ENABLE_PREVIEWS = YES;
				GENERATE_INFOPLIST_FILE = YES;
				INFOPLIST_KEY_UIApplicationSceneManifest_Generation = YES;
				INFOPLIST_KEY_UIApplicationSupportsIndirectInputEvents = YES;
				INFOPLIST_KEY_UILaunchScreen_Generation = YES;
				INFOPLIST_KEY_UISupportedInterfaceOrientations_iPad = "UIInterfaceOrientationPortrait UIInterfaceOrientationPortraitUpsideDown UIInterfaceOrientationLandscapeLeft UIInterfaceOrientationLandscapeRight";
				INFOPLIST_KEY_UISupportedInterfaceOrientations_iPhone = "UIInterfaceOrientationPortrait UIInterfaceOrientationLandscapeLeft UIInterfaceOrientationLandscapeRight";
				IPHONEOS_DEPLOYMENT_TARGET = 15.2;
				LD_RUNPATH_SEARCH_PATHS = (
					"$(inherited)",
					"@executable_path/Frameworks",
				);
				MARKETING_VERSION = 1.0;
				PRODUCT_BUNDLE_IDENTIFIER = frank.Tristy;
				PRODUCT_NAME = Tristy;
				SDKROOT = iphoneos;
				SWIFT_EMIT_LOC_STRINGS = YES;
				SWIFT_VERSION = 5.0;
				TARGETED_DEVICE_FAMILY = "1,2";
				VALIDATE_PRODUCT = YES;
			};
			name = Release;
		};
		BDAC2C612831A1570042DE67 /* Debug */ = {
			isa = XCBuildConfiguration;
			buildSettings = {
				ASSETCATALOG_COMPILER_APPICON_NAME = AppIcon;
				ASSETCATALOG_COMPILER_GLOBAL_ACCENT_COLOR_NAME = AccentColor;
				CODE_SIGN_ENTITLEMENTS = macOS/macOS.entitlements;
				CODE_SIGN_STYLE = Automatic;
				COMBINE_HIDPI_IMAGES = YES;
				CURRENT_PROJECT_VERSION = 1;
				DEVELOPMENT_TEAM = 6ZT823VK2T;
				ENABLE_HARDENED_RUNTIME = YES;
				ENABLE_PREVIEWS = YES;
				GENERATE_INFOPLIST_FILE = YES;
				INFOPLIST_KEY_NSHumanReadableCopyright = "";
				LD_RUNPATH_SEARCH_PATHS = (
					"$(inherited)",
					"@executable_path/../Frameworks",
				);
				MACOSX_DEPLOYMENT_TARGET = 12.1;
				MARKETING_VERSION = 1.0;
				PRODUCT_BUNDLE_IDENTIFIER = frank.Tristy;
				PRODUCT_NAME = Tristy;
				SDKROOT = macosx;
				SWIFT_EMIT_LOC_STRINGS = YES;
				SWIFT_VERSION = 5.0;
			};
			name = Debug;
		};
		BDAC2C622831A1570042DE67 /* Release */ = {
			isa = XCBuildConfiguration;
			buildSettings = {
				ASSETCATALOG_COMPILER_APPICON_NAME = AppIcon;
				ASSETCATALOG_COMPILER_GLOBAL_ACCENT_COLOR_NAME = AccentColor;
				CODE_SIGN_ENTITLEMENTS = macOS/macOS.entitlements;
				CODE_SIGN_STYLE = Automatic;
				COMBINE_HIDPI_IMAGES = YES;
				CURRENT_PROJECT_VERSION = 1;
				DEVELOPMENT_TEAM = 6ZT823VK2T;
				ENABLE_HARDENED_RUNTIME = YES;
				ENABLE_PREVIEWS = YES;
				GENERATE_INFOPLIST_FILE = YES;
				INFOPLIST_KEY_NSHumanReadableCopyright = "";
				LD_RUNPATH_SEARCH_PATHS = (
					"$(inherited)",
					"@executable_path/../Frameworks",
				);
				MACOSX_DEPLOYMENT_TARGET = 12.1;
				MARKETING_VERSION = 1.0;
				PRODUCT_BUNDLE_IDENTIFIER = frank.Tristy;
				PRODUCT_NAME = Tristy;
				SDKROOT = macosx;
				SWIFT_EMIT_LOC_STRINGS = YES;
				SWIFT_VERSION = 5.0;
			};
			name = Release;
		};
/* End XCBuildConfiguration section */

/* Begin XCConfigurationList section */
		BDAC2C432831A1570042DE67 /* Build configuration list for PBXProject "Tristy" */ = {
			isa = XCConfigurationList;
			buildConfigurations = (
				BDAC2C5B2831A1570042DE67 /* Debug */,
				BDAC2C5C2831A1570042DE67 /* Release */,
			);
			defaultConfigurationIsVisible = 0;
			defaultConfigurationName = Release;
		};
		BDAC2C5D2831A1570042DE67 /* Build configuration list for PBXNativeTarget "Tristy (iOS)" */ = {
			isa = XCConfigurationList;
			buildConfigurations = (
				BDAC2C5E2831A1570042DE67 /* Debug */,
				BDAC2C5F2831A1570042DE67 /* Release */,
			);
			defaultConfigurationIsVisible = 0;
			defaultConfigurationName = Release;
		};
		BDAC2C602831A1570042DE67 /* Build configuration list for PBXNativeTarget "Tristy (macOS)" */ = {
			isa = XCConfigurationList;
			buildConfigurations = (
				BDAC2C612831A1570042DE67 /* Debug */,
				BDAC2C622831A1570042DE67 /* Release */,
			);
			defaultConfigurationIsVisible = 0;
			defaultConfigurationName = Release;
		};
/* End XCConfigurationList section */
	};
	rootObject = BDAC2C402831A1570042DE67 /* Project object */;
}
